
Microsoft Visual Studio Solution File, Format Version 12.00
# Visual Studio Version 16
VisualStudioVersion = 16.0.31112.23
MinimumVisualStudioVersion = 10.0.40219.1
Project("{FAE04EC0-301F-11D3-BF4B-00C04F79EFBC}") = "Common", "Common\Common.csproj", "{8817ED8C-CD97-4588-8C4E-848F190BE0CF}"
EndProject
Project("{FAE04EC0-301F-11D3-BF4B-00C04F79EFBC}") = "Client", "Client\Client.csproj", "{FF635099-F362-4DC6-B8CF-4ADDED9E464F}"
EndProject
Project("{FAE04EC0-301F-11D3-BF4B-00C04F79EFBC}") = "Server", "Server\Server.csproj", "{F4E997F6-F28B-4C02-9807-4DEA39B1BB19}"
EndProject
Global
	GlobalSection(SolutionConfigurationPlatforms) = preSolution
		Debug|Any CPU = Debug|Any CPU
		Release|Any CPU = Release|Any CPU
	EndGlobalSection
	GlobalSection(ProjectConfigurationPlatforms) = postSolution
		{8817ED8C-CD97-4588-8C4E-848F190BE0CF}.Debug|Any CPU.ActiveCfg = Debug|Any CPU
		{8817ED8C-CD97-4588-8C4E-848F190BE0CF}.Debug|Any CPU.Build.0 = Debug|Any CPU
		{8817ED8C-CD97-4588-8C4E-848F190BE0CF}.Release|Any CPU.ActiveCfg = Release|Any CPU
		{8817ED8C-CD97-4588-8C4E-848F190BE0CF}.Release|Any CPU.Build.0 = Release|Any CPU
		{FF635099-F362-4DC6-B8CF-4ADDED9E464F}.Debug|Any CPU.ActiveCfg = Debug|Any CPU
		{FF635099-F362-4DC6-B8CF-4ADDED9E464F}.Debug|Any CPU.Build.0 = Debug|Any CPU
		{FF635099-F362-4DC6-B8CF-4ADDED9E464F}.Release|Any CPU.ActiveCfg = Release|Any CPU
		{FF635099-F362-4DC6-B8CF-4ADDED9E464F}.Release|Any CPU.Build.0 = Release|Any CPU
		{F4E997F6-F28B-4C02-9807-4DEA39B1BB19}.Debug|Any CPU.ActiveCfg = Debug|Any CPU
		{F4E997F6-F28B-4C02-9807-4DEA39B1BB19}.Debug|Any CPU.Build.0 = Debug|Any CPU
		{F4E997F6-F28B-4C02-9807-4DEA39B1BB19}.Release|Any CPU.ActiveCfg = Release|Any CPU
		{F4E997F6-F28B-4C02-9807-4DEA39B1BB19}.Release|Any CPU.Build.0 = Release|Any CPU
	EndGlobalSection
	GlobalSection(SolutionProperties) = preSolution
		HideSolutionNode = FALSE
	EndGlobalSection
	GlobalSection(ExtensibilityGlobals) = postSolution
		SolutionGuid = {A2195AD9-54C8-4598-8217-F03DC05AF642}
	EndGlobalSection
EndGlobal
