
Microsoft Visual Studio Solution File, Format Version 12.00
# Visual Studio Version 16
VisualStudioVersion = 16.0.31112.23
MinimumVisualStudioVersion = 10.0.40219.1
Project("{FAE04EC0-301F-11D3-BF4B-00C04F79EFBC}") = "TestSocket", "TestSocket\TestSocket.csproj", "{AFEC0F1D-7A42-4EED-AB7B-933237717C58}"
EndProject
Project("{FAE04EC0-301F-11D3-BF4B-00C04F79EFBC}") = "Client-Code", "Client-Code\Client-Code.csproj", "{8EF842EC-AB79-41B4-982D-6672465B1C24}"
EndProject
Project("{FAE04EC0-301F-11D3-BF4B-00C04F79EFBC}") = "Server-Code", "Server-Code\Server-Code.csproj", "{35C0DA21-D48C-4DC2-91AD-21F91FC9776D}"
EndProject
Global
	GlobalSection(SolutionConfigurationPlatforms) = preSolution
		Debug|Any CPU = Debug|Any CPU
		Release|Any CPU = Release|Any CPU
	EndGlobalSection
	GlobalSection(ProjectConfigurationPlatforms) = postSolution
		{AFEC0F1D-7A42-4EED-AB7B-933237717C58}.Debug|Any CPU.ActiveCfg = Debug|Any CPU
		{AFEC0F1D-7A42-4EED-AB7B-933237717C58}.Debug|Any CPU.Build.0 = Debug|Any CPU
		{AFEC0F1D-7A42-4EED-AB7B-933237717C58}.Release|Any CPU.ActiveCfg = Release|Any CPU
		{AFEC0F1D-7A42-4EED-AB7B-933237717C58}.Release|Any CPU.Build.0 = Release|Any CPU
		{8EF842EC-AB79-41B4-982D-6672465B1C24}.Debug|Any CPU.ActiveCfg = Debug|Any CPU
		{8EF842EC-AB79-41B4-982D-6672465B1C24}.Debug|Any CPU.Build.0 = Debug|Any CPU
		{8EF842EC-AB79-41B4-982D-6672465B1C24}.Release|Any CPU.ActiveCfg = Release|Any CPU
		{8EF842EC-AB79-41B4-982D-6672465B1C24}.Release|Any CPU.Build.0 = Release|Any CPU
		{35C0DA21-D48C-4DC2-91AD-21F91FC9776D}.Debug|Any CPU.ActiveCfg = Debug|Any CPU
		{35C0DA21-D48C-4DC2-91AD-21F91FC9776D}.Debug|Any CPU.Build.0 = Debug|Any CPU
		{35C0DA21-D48C-4DC2-91AD-21F91FC9776D}.Release|Any CPU.ActiveCfg = Release|Any CPU
		{35C0DA21-D48C-4DC2-91AD-21F91FC9776D}.Release|Any CPU.Build.0 = Release|Any CPU
	EndGlobalSection
	GlobalSection(SolutionProperties) = preSolution
		HideSolutionNode = FALSE
	EndGlobalSection
	GlobalSection(ExtensibilityGlobals) = postSolution
		SolutionGuid = {7E52EAC9-3B42-4E88-9222-4D6DAB52294D}
	EndGlobalSection
EndGlobal
