
Microsoft Visual Studio Solution File, Format Version 12.00
# Visual Studio Version 16
VisualStudioVersion = 16.0.31112.23
MinimumVisualStudioVersion = 10.0.40219.1
Project("{FAE04EC0-301F-11D3-BF4B-00C04F79EFBC}") = "Server", "Server\Server.csproj", "{6338DD03-3E50-4730-BFC7-045812E0A33D}"
EndProject
Project("{FAE04EC0-301F-11D3-BF4B-00C04F79EFBC}") = "Client", "Client\Client.csproj", "{5929D16B-A132-43DC-B412-43691B9F104C}"
EndProject
Global
	GlobalSection(SolutionConfigurationPlatforms) = preSolution
		Debug|Any CPU = Debug|Any CPU
		Release|Any CPU = Release|Any CPU
	EndGlobalSection
	GlobalSection(ProjectConfigurationPlatforms) = postSolution
		{6338DD03-3E50-4730-BFC7-045812E0A33D}.Debug|Any CPU.ActiveCfg = Debug|Any CPU
		{6338DD03-3E50-4730-BFC7-045812E0A33D}.Debug|Any CPU.Build.0 = Debug|Any CPU
		{6338DD03-3E50-4730-BFC7-045812E0A33D}.Release|Any CPU.ActiveCfg = Release|Any CPU
		{6338DD03-3E50-4730-BFC7-045812E0A33D}.Release|Any CPU.Build.0 = Release|Any CPU
		{5929D16B-A132-43DC-B412-43691B9F104C}.Debug|Any CPU.ActiveCfg = Debug|Any CPU
		{5929D16B-A132-43DC-B412-43691B9F104C}.Debug|Any CPU.Build.0 = Debug|Any CPU
		{5929D16B-A132-43DC-B412-43691B9F104C}.Release|Any CPU.ActiveCfg = Release|Any CPU
		{5929D16B-A132-43DC-B412-43691B9F104C}.Release|Any CPU.Build.0 = Release|Any CPU
	EndGlobalSection
	GlobalSection(SolutionProperties) = preSolution
		HideSolutionNode = FALSE
	EndGlobalSection
	GlobalSection(ExtensibilityGlobals) = postSolution
		SolutionGuid = {2DBCBFC9-27FB-4CA4-82BF-FBD9C01B5E53}
	EndGlobalSection
EndGlobal
